{
  "version": 4,
  "terraform_version": "1.4.5",
  "serial": 22,
  "lineage": "019ae883-71a4-316e-fa62-b96c6b86fc2a",
  "outputs": {
    "jenkies_ip": {
      "value": "104.131.8.16",
      "type": "string"
    }
  },
  "resources": [
    {
      "mode": "data",
      "type": "digitalocean_ssh_key",
      "name": "ssh_key",
      "provider": "provider[\"registry.terraform.io/digitalocean/digitalocean\"]",
      "instances": [
        {
          "schema_version": 0,
          "attributes": {
            "fingerprint": "61:d7:33:24:d3:57:73:4f:95:98:57:cb:a1:06:76:e9",
            "id": 38023668,
            "name": "Jornada",
            "public_key": "ssh-ed25519 AAAAC3NzaC1lZDI1NTE5AAAAIPkMqK+eFCqTCYk+ROQ32vbbsh3+n72dzYJsRPDdM3uN andrei.dr@hotmail.com"
          },
          "sensitive_attributes": []
        }
      ]
    },
    {
      "mode": "managed",
      "type": "digitalocean_droplet",
      "name": "jenkies",
      "provider": "provider[\"registry.terraform.io/digitalocean/digitalocean\"]",
      "instances": [
        {
          "schema_version": 1,
          "attributes": {
            "backups": false,
            "created_at": "2023-04-13T12:20:18Z",
            "disk": 60,
            "droplet_agent": null,
            "graceful_shutdown": false,
            "id": "350502297",
            "image": "ubuntu-22-04-x64",
            "ipv4_address": "104.131.8.16",
            "ipv4_address_private": "10.108.0.2",
            "ipv6": false,
            "ipv6_address": "",
            "locked": false,
            "memory": 2048,
            "monitoring": false,
            "name": "jenkies",
            "price_hourly": 0.02679,
            "price_monthly": 18,
            "private_networking": true,
            "region": "nyc3",
            "resize_disk": true,
            "size": "s-2vcpu-2gb",
            "ssh_keys": [
              "38023668"
            ],
            "status": "active",
            "tags": [],
            "timeouts": null,
            "urn": "do:droplet:350502297",
            "user_data": null,
            "vcpus": 2,
            "volume_ids": [],
            "vpc_uuid": "e62e14ec-a073-4d02-830a-f6f765118c3e"
          },
          "sensitive_attributes": [],
          "private": "eyJlMmJmYjczMC1lY2FhLTExZTYtOGY4OC0zNDM2M2JjN2M0YzAiOnsiY3JlYXRlIjozNjAwMDAwMDAwMDAwLCJkZWxldGUiOjYwMDAwMDAwMDAwLCJ1cGRhdGUiOjM2MDAwMDAwMDAwMDB9LCJzY2hlbWFfdmVyc2lvbiI6IjEifQ==",
          "dependencies": [
            "data.digitalocean_ssh_key.ssh_key"
          ]
        }
      ]
    },
    {
      "mode": "managed",
      "type": "digitalocean_kubernetes_cluster",
      "name": "k8s",
      "provider": "provider[\"registry.terraform.io/digitalocean/digitalocean\"]",
      "instances": [
        {
          "schema_version": 3,
          "attributes": {
            "auto_upgrade": false,
            "cluster_subnet": "10.244.0.0/16",
            "created_at": "2023-04-13 12:22:52 +0000 UTC",
            "endpoint": "https://23f97fad-0556-44cd-a49c-c0fdfd0eea3c.k8s.ondigitalocean.com",
            "ha": false,
            "id": "23f97fad-0556-44cd-a49c-c0fdfd0eea3c",
            "ipv4_address": "",
            "kube_config": [
              {
                "client_certificate": "",
                "client_key": "",
                "cluster_ca_certificate": "LS0tLS1CRUdJTiBDRVJUSUZJQ0FURS0tLS0tCk1JSURKekNDQWcrZ0F3SUJBZ0lDQm5Vd0RRWUpLb1pJaHZjTkFRRUxCUUF3TXpFVk1CTUdBMVVFQ2hNTVJHbG4KYVhSaGJFOWpaV0Z1TVJvd0dBWURWUVFERXhGck9ITmhZWE1nUTJ4MWMzUmxjaUJEUVRBZUZ3MHlNekEwTVRNeApNakl6TURCYUZ3MDBNekEwTVRNeE1qSXpNREJhTURNeEZUQVRCZ05WQkFvVERFUnBaMmwwWVd4UFkyVmhiakVhCk1CZ0dBMVVFQXhNUmF6aHpZV0Z6SUVOc2RYTjBaWElnUTBFd2dnRWlNQTBHQ1NxR1NJYjNEUUVCQVFVQUE0SUIKRHdBd2dnRUtBb0lCQVFDbm12UW8xY2NtRG5hSTJlVHU1Nm54cWlmRFBjMGNkekNzaytoNFhvaFdXelJpVG9VWQoxSTQ0SzJBY3RqN0czakYvckZ1cGFndjBRaFVWRTdGL29WeCtLTktyTEVVQ3ByVWFMVjJCa0piNEFkNlYvaG9TCko1b3h4M3VIZmdFYnpJOEVtRmJKeE1BbFZBK28rNnFlbU1QQUhOT3VnWlV0d1FmblVrWGNwbGwwRmxnQzNwUHUKNDY0SWxkNG1NSHQzZVR4Rk1reVZ1bEIzZ3BhSCtNdDcySUlKSGNNMXRWTGJKRG5tMjFOY2JaU0U2R0locU5DSwplQ09Ta0NhVFFLdnVIODZTbU5OZGZYWkJFY1E1TWorUWRnd3NzSTNEVmZlc3NwOVFVVjJPcHVuRG9yMFBwa05FCnUzcGs1Wi9sb0Z2YmdxK3NDam91NkpWZUovYjk5NWtnZjhQSEFnTUJBQUdqUlRCRE1BNEdBMVVkRHdFQi93UUUKQXdJQmhqQVNCZ05WSFJNQkFmOEVDREFHQVFIL0FnRUFNQjBHQTFVZERnUVdCQlN6WGs2ZE5IZTFZSDB3QXRlVApWZEYwTkJqK2ZUQU5CZ2txaGtpRzl3MEJBUXNGQUFPQ0FRRUFnTnNVWDdiUHlyYjQwSms1aWhucGh5RFNFYUEyClY5S1pMTWhKa1JQNDR1cS9vWUNqYTBkbzE2RklMaTVmbDh3Ymt3YkxCa2N0RzN0YlJNc0JQYlFCYXptV2p5cWMKVUUvdExHSUFnbFJRRUZaMHFEV1kxK2FncDhhR1V6Y1pPV3g2dHVRajdXVkxLRWkyWVFXRmZ6dGlDY1l2TDNyNApzN0lZSE1GdExiN3MrTW03VnlvaXZzMVpkczZNWFBUcml3enRQZEhxVzg4RlFxZ25mOXYwNmJqVm1iYnN3Rno1CkE3dGJjeW9tb3JzanFZZG5FRWhDOWZFbWlIdFdVaVVLNmNFUzF4dzdUVnBLL1p4M1U3K204Z25WS3JGTTBzRGIKbGo1WFNmQUU5czk0VlpQc2FIUnJoRXhTNnNEdm8wbTE4SjI1UzhidXFwUE9KTnF3TDZMWGUzc1JDQT09Ci0tLS0tRU5EIENFUlRJRklDQVRFLS0tLS0K",
                "expires_at": "2023-04-20T12:27:13Z",
                "host": "https://23f97fad-0556-44cd-a49c-c0fdfd0eea3c.k8s.ondigitalocean.com",
                "raw_config": "apiVersion: v1\nkind: Config\nclusters:\n- cluster:\n    certificate-authority-data: LS0tLS1CRUdJTiBDRVJUSUZJQ0FURS0tLS0tCk1JSURKekNDQWcrZ0F3SUJBZ0lDQm5Vd0RRWUpLb1pJaHZjTkFRRUxCUUF3TXpFVk1CTUdBMVVFQ2hNTVJHbG4KYVhSaGJFOWpaV0Z1TVJvd0dBWURWUVFERXhGck9ITmhZWE1nUTJ4MWMzUmxjaUJEUVRBZUZ3MHlNekEwTVRNeApNakl6TURCYUZ3MDBNekEwTVRNeE1qSXpNREJhTURNeEZUQVRCZ05WQkFvVERFUnBaMmwwWVd4UFkyVmhiakVhCk1CZ0dBMVVFQXhNUmF6aHpZV0Z6SUVOc2RYTjBaWElnUTBFd2dnRWlNQTBHQ1NxR1NJYjNEUUVCQVFVQUE0SUIKRHdBd2dnRUtBb0lCQVFDbm12UW8xY2NtRG5hSTJlVHU1Nm54cWlmRFBjMGNkekNzaytoNFhvaFdXelJpVG9VWQoxSTQ0SzJBY3RqN0czakYvckZ1cGFndjBRaFVWRTdGL29WeCtLTktyTEVVQ3ByVWFMVjJCa0piNEFkNlYvaG9TCko1b3h4M3VIZmdFYnpJOEVtRmJKeE1BbFZBK28rNnFlbU1QQUhOT3VnWlV0d1FmblVrWGNwbGwwRmxnQzNwUHUKNDY0SWxkNG1NSHQzZVR4Rk1reVZ1bEIzZ3BhSCtNdDcySUlKSGNNMXRWTGJKRG5tMjFOY2JaU0U2R0locU5DSwplQ09Ta0NhVFFLdnVIODZTbU5OZGZYWkJFY1E1TWorUWRnd3NzSTNEVmZlc3NwOVFVVjJPcHVuRG9yMFBwa05FCnUzcGs1Wi9sb0Z2YmdxK3NDam91NkpWZUovYjk5NWtnZjhQSEFnTUJBQUdqUlRCRE1BNEdBMVVkRHdFQi93UUUKQXdJQmhqQVNCZ05WSFJNQkFmOEVDREFHQVFIL0FnRUFNQjBHQTFVZERnUVdCQlN6WGs2ZE5IZTFZSDB3QXRlVApWZEYwTkJqK2ZUQU5CZ2txaGtpRzl3MEJBUXNGQUFPQ0FRRUFnTnNVWDdiUHlyYjQwSms1aWhucGh5RFNFYUEyClY5S1pMTWhKa1JQNDR1cS9vWUNqYTBkbzE2RklMaTVmbDh3Ymt3YkxCa2N0RzN0YlJNc0JQYlFCYXptV2p5cWMKVUUvdExHSUFnbFJRRUZaMHFEV1kxK2FncDhhR1V6Y1pPV3g2dHVRajdXVkxLRWkyWVFXRmZ6dGlDY1l2TDNyNApzN0lZSE1GdExiN3MrTW03VnlvaXZzMVpkczZNWFBUcml3enRQZEhxVzg4RlFxZ25mOXYwNmJqVm1iYnN3Rno1CkE3dGJjeW9tb3JzanFZZG5FRWhDOWZFbWlIdFdVaVVLNmNFUzF4dzdUVnBLL1p4M1U3K204Z25WS3JGTTBzRGIKbGo1WFNmQUU5czk0VlpQc2FIUnJoRXhTNnNEdm8wbTE4SjI1UzhidXFwUE9KTnF3TDZMWGUzc1JDQT09Ci0tLS0tRU5EIENFUlRJRklDQVRFLS0tLS0K\n    server: https://23f97fad-0556-44cd-a49c-c0fdfd0eea3c.k8s.ondigitalocean.com\n  name: do-nyc3-k8s\ncontexts:\n- context:\n    cluster: do-nyc3-k8s\n    user: do-nyc3-k8s-admin\n  name: do-nyc3-k8s\ncurrent-context: do-nyc3-k8s\nusers:\n- name: do-nyc3-k8s-admin\n  user:\n    token: dop_v1_169251ed0c3d971ca5e4f9d4f0f4ddbc9b7fe2cad82e4b69599181e2c7b5de60\n",
                "token": "dop_v1_169251ed0c3d971ca5e4f9d4f0f4ddbc9b7fe2cad82e4b69599181e2c7b5de60"
              }
            ],
            "maintenance_policy": [
              {
                "day": "any",
                "duration": "4h0m0s",
                "start_time": "6:00"
              }
            ],
            "name": "k8s",
            "node_pool": [
              {
                "actual_node_count": 2,
                "auto_scale": false,
                "id": "f42370ae-76d6-4c8d-9275-46f61b3e14a4",
                "labels": {},
                "max_nodes": 0,
                "min_nodes": 0,
                "name": "default",
                "node_count": 2,
                "nodes": [
                  {
                    "created_at": "2023-04-13 12:22:52 +0000 UTC",
                    "droplet_id": "350502754",
                    "id": "61fafb53-b8ac-43a2-96ab-d25354f8c79f",
                    "name": "default-qz929",
                    "status": "running",
                    "updated_at": "2023-04-13 12:24:22 +0000 UTC"
                  },
                  {
                    "created_at": "2023-04-13 12:22:52 +0000 UTC",
                    "droplet_id": "350502755",
                    "id": "036d05fe-8027-41b0-b95f-8b3063a6df58",
                    "name": "default-qz9pn",
                    "status": "running",
                    "updated_at": "2023-04-13 12:24:22 +0000 UTC"
                  }
                ],
                "size": "s-2vcpu-2gb",
                "tags": [],
                "taint": []
              }
            ],
            "region": "nyc3",
            "service_subnet": "10.245.0.0/16",
            "status": "running",
            "surge_upgrade": true,
            "tags": [],
            "timeouts": null,
            "updated_at": "2023-04-13 12:27:04 +0000 UTC",
            "urn": "do:kubernetes:23f97fad-0556-44cd-a49c-c0fdfd0eea3c",
            "version": "1.26.3-do.0",
            "vpc_uuid": "e62e14ec-a073-4d02-830a-f6f765118c3e"
          },
          "sensitive_attributes": [],
          "private": "eyJlMmJmYjczMC1lY2FhLTExZTYtOGY4OC0zNDM2M2JjN2M0YzAiOnsiY3JlYXRlIjoxODAwMDAwMDAwMDAwfSwic2NoZW1hX3ZlcnNpb24iOiIzIn0="
        }
      ]
    }
  ],
  "check_results": null
}
